
Microsoft Visual Studio Solution File, Format Version 12.00
# Visual Studio 14
VisualStudioVersion = 14.0.24720.0
MinimumVisualStudioVersion = 10.0.40219.1
Project("{FAE04EC0-301F-11D3-BF4B-00C04F79EFBC}") = "Ocad.Model", "Ocad.Model\Ocad.Model.csproj", "{0AAFAC24-7970-4187-806C-DAA3D986978A}"
EndProject
Project("{FAE04EC0-301F-11D3-BF4B-00C04F79EFBC}") = "OS.Model", "OS.Model\OS.Model.csproj", "{CAAA820D-98FC-48C1-B93A-BFC7085976EC}"
EndProject
Project("{FAE04EC0-301F-11D3-BF4B-00C04F79EFBC}") = "Osm.Model", "Osm.Model\Osm.Model.csproj", "{ABE54EB3-FBC6-4A3D-94C0-714742D8FBE5}"
EndProject
Project("{FAE04EC0-301F-11D3-BF4B-00C04F79EFBC}") = "TDPG.GeoCoordConversion", "TDPG\TDPG.GeoCoordConversion.csproj", "{1A773EFF-AE91-4E2C-8684-D38C04DC26AC}"
EndProject
Project("{FAE04EC0-301F-11D3-BF4B-00C04F79EFBC}") = "Geometry", "Geometry\Geometry.csproj", "{5C0698B8-D890-4D45-AD77-5EF1859EA821}"
EndProject
Project("{FAE04EC0-301F-11D3-BF4B-00C04F79EFBC}") = "Ocad.Import", "Ocad.Import\Ocad.Import.csproj", "{1C228AF6-CA54-4A8E-BDEA-EDE318083DD4}"
EndProject
Project("{FAE04EC0-301F-11D3-BF4B-00C04F79EFBC}") = "Tiff", "Tiff\Tiff.csproj", "{DF930102-77C6-42F0-BF06-6453A1776D2C}"
EndProject
Project("{FAE04EC0-301F-11D3-BF4B-00C04F79EFBC}") = "Net", "Net\Net.csproj", "{8C41A698-0076-4505-8731-BC3FCBFF2244}"
EndProject
Project("{2150E333-8FDC-42A3-9474-1A3956D46DE8}") = "Solution Items", "Solution Items", "{CB79F413-4AA0-44C4-94D3-CF14BEE3813A}"
	ProjectSection(SolutionItems) = preProject
		BitMiracle.LibTiff.NET.dll = BitMiracle.LibTiff.NET.dll
		todo.txt = todo.txt
	EndProjectSection
EndProject
Project("{FAE04EC0-301F-11D3-BF4B-00C04F79EFBC}") = "Create Base Map", "Create Base Map\Create Base Map.csproj", "{9F0C2069-471B-4202-98E2-B5C4C9536AED}"
EndProject
Project("{FAE04EC0-301F-11D3-BF4B-00C04F79EFBC}") = "Esri.Model", "Esri.Model\Esri.Model.csproj", "{5DFD42CE-B93E-4098-9434-50DD556F5EBE}"
EndProject
Project("{FAE04EC0-301F-11D3-BF4B-00C04F79EFBC}") = "ConsoleApplication1", "ConsoleApplication1\ConsoleApplication1.csproj", "{3A571DCE-011C-42A1-BA63-FD1F7E0909BA}"
EndProject
Project("{6141683F-8A12-4E36-9623-2EB02B2C2303}") = "Installer", "Installer\Installer.isproj", "{7902B9B5-DA58-42DB-B86B-F56FB1C14DA8}"
	ProjectSection(ProjectDependencies) = postProject
		{9F0C2069-471B-4202-98E2-B5C4C9536AED} = {9F0C2069-471B-4202-98E2-B5C4C9536AED}
	EndProjectSection
EndProject
Project("{FAE04EC0-301F-11D3-BF4B-00C04F79EFBC}") = "Geometry Test", "Geometry Test\Geometry Test.csproj", "{ACCD0E50-76B5-4D67-B6D1-97B1C28B978A}"
EndProject
Global
	GlobalSection(SolutionConfigurationPlatforms) = preSolution
		CD_ROM|Any CPU = CD_ROM|Any CPU
		CD_ROM|Mixed Platforms = CD_ROM|Mixed Platforms
		CD_ROM|x86 = CD_ROM|x86
		Debug|Any CPU = Debug|Any CPU
		Debug|Mixed Platforms = Debug|Mixed Platforms
		Debug|x86 = Debug|x86
		DVD-5|Any CPU = DVD-5|Any CPU
		DVD-5|Mixed Platforms = DVD-5|Mixed Platforms
		DVD-5|x86 = DVD-5|x86
		Release|Any CPU = Release|Any CPU
		Release|Mixed Platforms = Release|Mixed Platforms
		Release|x86 = Release|x86
		SingleImage|Any CPU = SingleImage|Any CPU
		SingleImage|Mixed Platforms = SingleImage|Mixed Platforms
		SingleImage|x86 = SingleImage|x86
	EndGlobalSection
	GlobalSection(ProjectConfigurationPlatforms) = postSolution
		{0AAFAC24-7970-4187-806C-DAA3D986978A}.CD_ROM|Any CPU.ActiveCfg = Release|Any CPU
		{0AAFAC24-7970-4187-806C-DAA3D986978A}.CD_ROM|Any CPU.Build.0 = Release|Any CPU
		{0AAFAC24-7970-4187-806C-DAA3D986978A}.CD_ROM|Mixed Platforms.ActiveCfg = Release|Any CPU
		{0AAFAC24-7970-4187-806C-DAA3D986978A}.CD_ROM|Mixed Platforms.Build.0 = Release|Any CPU
		{0AAFAC24-7970-4187-806C-DAA3D986978A}.CD_ROM|x86.ActiveCfg = Release|Any CPU
		{0AAFAC24-7970-4187-806C-DAA3D986978A}.CD_ROM|x86.Build.0 = Release|Any CPU
		{0AAFAC24-7970-4187-806C-DAA3D986978A}.Debug|Any CPU.ActiveCfg = Debug|Any CPU
		{0AAFAC24-7970-4187-806C-DAA3D986978A}.Debug|Any CPU.Build.0 = Debug|Any CPU
		{0AAFAC24-7970-4187-806C-DAA3D986978A}.Debug|Mixed Platforms.ActiveCfg = Debug|Any CPU
		{0AAFAC24-7970-4187-806C-DAA3D986978A}.Debug|Mixed Platforms.Build.0 = Debug|Any CPU
		{0AAFAC24-7970-4187-806C-DAA3D986978A}.Debug|x86.ActiveCfg = Debug|Any CPU
		{0AAFAC24-7970-4187-806C-DAA3D986978A}.DVD-5|Any CPU.ActiveCfg = Debug|Any CPU
		{0AAFAC24-7970-4187-806C-DAA3D986978A}.DVD-5|Any CPU.Build.0 = Debug|Any CPU
		{0AAFAC24-7970-4187-806C-DAA3D986978A}.DVD-5|Mixed Platforms.ActiveCfg = Debug|Any CPU
		{0AAFAC24-7970-4187-806C-DAA3D986978A}.DVD-5|Mixed Platforms.Build.0 = Debug|Any CPU
		{0AAFAC24-7970-4187-806C-DAA3D986978A}.DVD-5|x86.ActiveCfg = Debug|Any CPU
		{0AAFAC24-7970-4187-806C-DAA3D986978A}.DVD-5|x86.Build.0 = Debug|Any CPU
		{0AAFAC24-7970-4187-806C-DAA3D986978A}.Release|Any CPU.ActiveCfg = Release|Any CPU
		{0AAFAC24-7970-4187-806C-DAA3D986978A}.Release|Any CPU.Build.0 = Release|Any CPU
		{0AAFAC24-7970-4187-806C-DAA3D986978A}.Release|Mixed Platforms.ActiveCfg = Release|Any CPU
		{0AAFAC24-7970-4187-806C-DAA3D986978A}.Release|Mixed Platforms.Build.0 = Release|Any CPU
		{0AAFAC24-7970-4187-806C-DAA3D986978A}.Release|x86.ActiveCfg = Release|Any CPU
		{0AAFAC24-7970-4187-806C-DAA3D986978A}.SingleImage|Any CPU.ActiveCfg = Release|Any CPU
		{0AAFAC24-7970-4187-806C-DAA3D986978A}.SingleImage|Any CPU.Build.0 = Release|Any CPU
		{0AAFAC24-7970-4187-806C-DAA3D986978A}.SingleImage|Mixed Platforms.ActiveCfg = Release|Any CPU
		{0AAFAC24-7970-4187-806C-DAA3D986978A}.SingleImage|Mixed Platforms.Build.0 = Release|Any CPU
		{0AAFAC24-7970-4187-806C-DAA3D986978A}.SingleImage|x86.ActiveCfg = Release|Any CPU
		{0AAFAC24-7970-4187-806C-DAA3D986978A}.SingleImage|x86.Build.0 = Release|Any CPU
		{CAAA820D-98FC-48C1-B93A-BFC7085976EC}.CD_ROM|Any CPU.ActiveCfg = Release|Any CPU
		{CAAA820D-98FC-48C1-B93A-BFC7085976EC}.CD_ROM|Any CPU.Build.0 = Release|Any CPU
		{CAAA820D-98FC-48C1-B93A-BFC7085976EC}.CD_ROM|Mixed Platforms.ActiveCfg = Release|Any CPU
		{CAAA820D-98FC-48C1-B93A-BFC7085976EC}.CD_ROM|Mixed Platforms.Build.0 = Release|Any CPU
		{CAAA820D-98FC-48C1-B93A-BFC7085976EC}.CD_ROM|x86.ActiveCfg = Release|Any CPU
		{CAAA820D-98FC-48C1-B93A-BFC7085976EC}.CD_ROM|x86.Build.0 = Release|Any CPU
		{CAAA820D-98FC-48C1-B93A-BFC7085976EC}.Debug|Any CPU.ActiveCfg = Debug|Any CPU
		{CAAA820D-98FC-48C1-B93A-BFC7085976EC}.Debug|Any CPU.Build.0 = Debug|Any CPU
		{CAAA820D-98FC-48C1-B93A-BFC7085976EC}.Debug|Mixed Platforms.ActiveCfg = Debug|Any CPU
		{CAAA820D-98FC-48C1-B93A-BFC7085976EC}.Debug|Mixed Platforms.Build.0 = Debug|Any CPU
		{CAAA820D-98FC-48C1-B93A-BFC7085976EC}.Debug|x86.ActiveCfg = Debug|Any CPU
		{CAAA820D-98FC-48C1-B93A-BFC7085976EC}.DVD-5|Any CPU.ActiveCfg = Debug|Any CPU
		{CAAA820D-98FC-48C1-B93A-BFC7085976EC}.DVD-5|Any CPU.Build.0 = Debug|Any CPU
		{CAAA820D-98FC-48C1-B93A-BFC7085976EC}.DVD-5|Mixed Platforms.ActiveCfg = Debug|Any CPU
		{CAAA820D-98FC-48C1-B93A-BFC7085976EC}.DVD-5|Mixed Platforms.Build.0 = Debug|Any CPU
		{CAAA820D-98FC-48C1-B93A-BFC7085976EC}.DVD-5|x86.ActiveCfg = Debug|Any CPU
		{CAAA820D-98FC-48C1-B93A-BFC7085976EC}.DVD-5|x86.Build.0 = Debug|Any CPU
		{CAAA820D-98FC-48C1-B93A-BFC7085976EC}.Release|Any CPU.ActiveCfg = Release|Any CPU
		{CAAA820D-98FC-48C1-B93A-BFC7085976EC}.Release|Any CPU.Build.0 = Release|Any CPU
		{CAAA820D-98FC-48C1-B93A-BFC7085976EC}.Release|Mixed Platforms.ActiveCfg = Release|Any CPU
		{CAAA820D-98FC-48C1-B93A-BFC7085976EC}.Release|Mixed Platforms.Build.0 = Release|Any CPU
		{CAAA820D-98FC-48C1-B93A-BFC7085976EC}.Release|x86.ActiveCfg = Release|Any CPU
		{CAAA820D-98FC-48C1-B93A-BFC7085976EC}.SingleImage|Any CPU.ActiveCfg = Release|Any CPU
		{CAAA820D-98FC-48C1-B93A-BFC7085976EC}.SingleImage|Any CPU.Build.0 = Release|Any CPU
		{CAAA820D-98FC-48C1-B93A-BFC7085976EC}.SingleImage|Mixed Platforms.ActiveCfg = Release|Any CPU
		{CAAA820D-98FC-48C1-B93A-BFC7085976EC}.SingleImage|Mixed Platforms.Build.0 = Release|Any CPU
		{CAAA820D-98FC-48C1-B93A-BFC7085976EC}.SingleImage|x86.ActiveCfg = Release|Any CPU
		{CAAA820D-98FC-48C1-B93A-BFC7085976EC}.SingleImage|x86.Build.0 = Release|Any CPU
		{ABE54EB3-FBC6-4A3D-94C0-714742D8FBE5}.CD_ROM|Any CPU.ActiveCfg = Release|Any CPU
		{ABE54EB3-FBC6-4A3D-94C0-714742D8FBE5}.CD_ROM|Any CPU.Build.0 = Release|Any CPU
		{ABE54EB3-FBC6-4A3D-94C0-714742D8FBE5}.CD_ROM|Mixed Platforms.ActiveCfg = Release|Any CPU
		{ABE54EB3-FBC6-4A3D-94C0-714742D8FBE5}.CD_ROM|Mixed Platforms.Build.0 = Release|Any CPU
		{ABE54EB3-FBC6-4A3D-94C0-714742D8FBE5}.CD_ROM|x86.ActiveCfg = Release|Any CPU
		{ABE54EB3-FBC6-4A3D-94C0-714742D8FBE5}.CD_ROM|x86.Build.0 = Release|Any CPU
		{ABE54EB3-FBC6-4A3D-94C0-714742D8FBE5}.Debug|Any CPU.ActiveCfg = Debug|Any CPU
		{ABE54EB3-FBC6-4A3D-94C0-714742D8FBE5}.Debug|Any CPU.Build.0 = Debug|Any CPU
		{ABE54EB3-FBC6-4A3D-94C0-714742D8FBE5}.Debug|Mixed Platforms.ActiveCfg = Debug|Any CPU
		{ABE54EB3-FBC6-4A3D-94C0-714742D8FBE5}.Debug|Mixed Platforms.Build.0 = Debug|Any CPU
		{ABE54EB3-FBC6-4A3D-94C0-714742D8FBE5}.Debug|x86.ActiveCfg = Debug|Any CPU
		{ABE54EB3-FBC6-4A3D-94C0-714742D8FBE5}.DVD-5|Any CPU.ActiveCfg = Debug|Any CPU
		{ABE54EB3-FBC6-4A3D-94C0-714742D8FBE5}.DVD-5|Any CPU.Build.0 = Debug|Any CPU
		{ABE54EB3-FBC6-4A3D-94C0-714742D8FBE5}.DVD-5|Mixed Platforms.ActiveCfg = Debug|Any CPU
		{ABE54EB3-FBC6-4A3D-94C0-714742D8FBE5}.DVD-5|Mixed Platforms.Build.0 = Debug|Any CPU
		{ABE54EB3-FBC6-4A3D-94C0-714742D8FBE5}.DVD-5|x86.ActiveCfg = Debug|Any CPU
		{ABE54EB3-FBC6-4A3D-94C0-714742D8FBE5}.DVD-5|x86.Build.0 = Debug|Any CPU
		{ABE54EB3-FBC6-4A3D-94C0-714742D8FBE5}.Release|Any CPU.ActiveCfg = Release|Any CPU
		{ABE54EB3-FBC6-4A3D-94C0-714742D8FBE5}.Release|Any CPU.Build.0 = Release|Any CPU
		{ABE54EB3-FBC6-4A3D-94C0-714742D8FBE5}.Release|Mixed Platforms.ActiveCfg = Release|Any CPU
		{ABE54EB3-FBC6-4A3D-94C0-714742D8FBE5}.Release|Mixed Platforms.Build.0 = Release|Any CPU
		{ABE54EB3-FBC6-4A3D-94C0-714742D8FBE5}.Release|x86.ActiveCfg = Release|Any CPU
		{ABE54EB3-FBC6-4A3D-94C0-714742D8FBE5}.SingleImage|Any CPU.ActiveCfg = Release|Any CPU
		{ABE54EB3-FBC6-4A3D-94C0-714742D8FBE5}.SingleImage|Any CPU.Build.0 = Release|Any CPU
		{ABE54EB3-FBC6-4A3D-94C0-714742D8FBE5}.SingleImage|Mixed Platforms.ActiveCfg = Release|Any CPU
		{ABE54EB3-FBC6-4A3D-94C0-714742D8FBE5}.SingleImage|Mixed Platforms.Build.0 = Release|Any CPU
		{ABE54EB3-FBC6-4A3D-94C0-714742D8FBE5}.SingleImage|x86.ActiveCfg = Release|Any CPU
		{ABE54EB3-FBC6-4A3D-94C0-714742D8FBE5}.SingleImage|x86.Build.0 = Release|Any CPU
		{1A773EFF-AE91-4E2C-8684-D38C04DC26AC}.CD_ROM|Any CPU.ActiveCfg = Release|Any CPU
		{1A773EFF-AE91-4E2C-8684-D38C04DC26AC}.CD_ROM|Any CPU.Build.0 = Release|Any CPU
		{1A773EFF-AE91-4E2C-8684-D38C04DC26AC}.CD_ROM|Mixed Platforms.ActiveCfg = Release|Any CPU
		{1A773EFF-AE91-4E2C-8684-D38C04DC26AC}.CD_ROM|Mixed Platforms.Build.0 = Release|Any CPU
		{1A773EFF-AE91-4E2C-8684-D38C04DC26AC}.CD_ROM|x86.ActiveCfg = Release|Any CPU
		{1A773EFF-AE91-4E2C-8684-D38C04DC26AC}.CD_ROM|x86.Build.0 = Release|Any CPU
		{1A773EFF-AE91-4E2C-8684-D38C04DC26AC}.Debug|Any CPU.ActiveCfg = Debug|Any CPU
		{1A773EFF-AE91-4E2C-8684-D38C04DC26AC}.Debug|Any CPU.Build.0 = Debug|Any CPU
		{1A773EFF-AE91-4E2C-8684-D38C04DC26AC}.Debug|Mixed Platforms.ActiveCfg = Debug|Any CPU
		{1A773EFF-AE91-4E2C-8684-D38C04DC26AC}.Debug|Mixed Platforms.Build.0 = Debug|Any CPU
		{1A773EFF-AE91-4E2C-8684-D38C04DC26AC}.Debug|x86.ActiveCfg = Debug|Any CPU
		{1A773EFF-AE91-4E2C-8684-D38C04DC26AC}.DVD-5|Any CPU.ActiveCfg = Debug|Any CPU
		{1A773EFF-AE91-4E2C-8684-D38C04DC26AC}.DVD-5|Any CPU.Build.0 = Debug|Any CPU
		{1A773EFF-AE91-4E2C-8684-D38C04DC26AC}.DVD-5|Mixed Platforms.ActiveCfg = Debug|Any CPU
		{1A773EFF-AE91-4E2C-8684-D38C04DC26AC}.DVD-5|Mixed Platforms.Build.0 = Debug|Any CPU
		{1A773EFF-AE91-4E2C-8684-D38C04DC26AC}.DVD-5|x86.ActiveCfg = Debug|Any CPU
		{1A773EFF-AE91-4E2C-8684-D38C04DC26AC}.DVD-5|x86.Build.0 = Debug|Any CPU
		{1A773EFF-AE91-4E2C-8684-D38C04DC26AC}.Release|Any CPU.ActiveCfg = Release|Any CPU
		{1A773EFF-AE91-4E2C-8684-D38C04DC26AC}.Release|Any CPU.Build.0 = Release|Any CPU
		{1A773EFF-AE91-4E2C-8684-D38C04DC26AC}.Release|Mixed Platforms.ActiveCfg = Release|Any CPU
		{1A773EFF-AE91-4E2C-8684-D38C04DC26AC}.Release|Mixed Platforms.Build.0 = Release|Any CPU
		{1A773EFF-AE91-4E2C-8684-D38C04DC26AC}.Release|x86.ActiveCfg = Release|Any CPU
		{1A773EFF-AE91-4E2C-8684-D38C04DC26AC}.SingleImage|Any CPU.ActiveCfg = Release|Any CPU
		{1A773EFF-AE91-4E2C-8684-D38C04DC26AC}.SingleImage|Any CPU.Build.0 = Release|Any CPU
		{1A773EFF-AE91-4E2C-8684-D38C04DC26AC}.SingleImage|Mixed Platforms.ActiveCfg = Release|Any CPU
		{1A773EFF-AE91-4E2C-8684-D38C04DC26AC}.SingleImage|Mixed Platforms.Build.0 = Release|Any CPU
		{1A773EFF-AE91-4E2C-8684-D38C04DC26AC}.SingleImage|x86.ActiveCfg = Release|Any CPU
		{1A773EFF-AE91-4E2C-8684-D38C04DC26AC}.SingleImage|x86.Build.0 = Release|Any CPU
		{5C0698B8-D890-4D45-AD77-5EF1859EA821}.CD_ROM|Any CPU.ActiveCfg = Release|Any CPU
		{5C0698B8-D890-4D45-AD77-5EF1859EA821}.CD_ROM|Any CPU.Build.0 = Release|Any CPU
		{5C0698B8-D890-4D45-AD77-5EF1859EA821}.CD_ROM|Mixed Platforms.ActiveCfg = Release|Any CPU
		{5C0698B8-D890-4D45-AD77-5EF1859EA821}.CD_ROM|Mixed Platforms.Build.0 = Release|Any CPU
		{5C0698B8-D890-4D45-AD77-5EF1859EA821}.CD_ROM|x86.ActiveCfg = Release|Any CPU
		{5C0698B8-D890-4D45-AD77-5EF1859EA821}.CD_ROM|x86.Build.0 = Release|Any CPU
		{5C0698B8-D890-4D45-AD77-5EF1859EA821}.Debug|Any CPU.ActiveCfg = Debug|Any CPU
		{5C0698B8-D890-4D45-AD77-5EF1859EA821}.Debug|Any CPU.Build.0 = Debug|Any CPU
		{5C0698B8-D890-4D45-AD77-5EF1859EA821}.Debug|Mixed Platforms.ActiveCfg = Debug|Any CPU
		{5C0698B8-D890-4D45-AD77-5EF1859EA821}.Debug|Mixed Platforms.Build.0 = Debug|Any CPU
		{5C0698B8-D890-4D45-AD77-5EF1859EA821}.Debug|x86.ActiveCfg = Debug|Any CPU
		{5C0698B8-D890-4D45-AD77-5EF1859EA821}.DVD-5|Any CPU.ActiveCfg = Debug|Any CPU
		{5C0698B8-D890-4D45-AD77-5EF1859EA821}.DVD-5|Any CPU.Build.0 = Debug|Any CPU
		{5C0698B8-D890-4D45-AD77-5EF1859EA821}.DVD-5|Mixed Platforms.ActiveCfg = Debug|Any CPU
		{5C0698B8-D890-4D45-AD77-5EF1859EA821}.DVD-5|Mixed Platforms.Build.0 = Debug|Any CPU
		{5C0698B8-D890-4D45-AD77-5EF1859EA821}.DVD-5|x86.ActiveCfg = Debug|Any CPU
		{5C0698B8-D890-4D45-AD77-5EF1859EA821}.DVD-5|x86.Build.0 = Debug|Any CPU
		{5C0698B8-D890-4D45-AD77-5EF1859EA821}.Release|Any CPU.ActiveCfg = Release|Any CPU
		{5C0698B8-D890-4D45-AD77-5EF1859EA821}.Release|Any CPU.Build.0 = Release|Any CPU
		{5C0698B8-D890-4D45-AD77-5EF1859EA821}.Release|Mixed Platforms.ActiveCfg = Release|Any CPU
		{5C0698B8-D890-4D45-AD77-5EF1859EA821}.Release|Mixed Platforms.Build.0 = Release|Any CPU
		{5C0698B8-D890-4D45-AD77-5EF1859EA821}.Release|x86.ActiveCfg = Release|Any CPU
		{5C0698B8-D890-4D45-AD77-5EF1859EA821}.SingleImage|Any CPU.ActiveCfg = Release|Any CPU
		{5C0698B8-D890-4D45-AD77-5EF1859EA821}.SingleImage|Any CPU.Build.0 = Release|Any CPU
		{5C0698B8-D890-4D45-AD77-5EF1859EA821}.SingleImage|Mixed Platforms.ActiveCfg = Release|Any CPU
		{5C0698B8-D890-4D45-AD77-5EF1859EA821}.SingleImage|Mixed Platforms.Build.0 = Release|Any CPU
		{5C0698B8-D890-4D45-AD77-5EF1859EA821}.SingleImage|x86.ActiveCfg = Release|Any CPU
		{5C0698B8-D890-4D45-AD77-5EF1859EA821}.SingleImage|x86.Build.0 = Release|Any CPU
		{1C228AF6-CA54-4A8E-BDEA-EDE318083DD4}.CD_ROM|Any CPU.ActiveCfg = Release|Any CPU
		{1C228AF6-CA54-4A8E-BDEA-EDE318083DD4}.CD_ROM|Any CPU.Build.0 = Release|Any CPU
		{1C228AF6-CA54-4A8E-BDEA-EDE318083DD4}.CD_ROM|Mixed Platforms.ActiveCfg = Release|Any CPU
		{1C228AF6-CA54-4A8E-BDEA-EDE318083DD4}.CD_ROM|Mixed Platforms.Build.0 = Release|Any CPU
		{1C228AF6-CA54-4A8E-BDEA-EDE318083DD4}.CD_ROM|x86.ActiveCfg = Release|Any CPU
		{1C228AF6-CA54-4A8E-BDEA-EDE318083DD4}.CD_ROM|x86.Build.0 = Release|Any CPU
		{1C228AF6-CA54-4A8E-BDEA-EDE318083DD4}.Debug|Any CPU.ActiveCfg = Debug|Any CPU
		{1C228AF6-CA54-4A8E-BDEA-EDE318083DD4}.Debug|Any CPU.Build.0 = Debug|Any CPU
		{1C228AF6-CA54-4A8E-BDEA-EDE318083DD4}.Debug|Mixed Platforms.ActiveCfg = Debug|Any CPU
		{1C228AF6-CA54-4A8E-BDEA-EDE318083DD4}.Debug|Mixed Platforms.Build.0 = Debug|Any CPU
		{1C228AF6-CA54-4A8E-BDEA-EDE318083DD4}.Debug|x86.ActiveCfg = Debug|Any CPU
		{1C228AF6-CA54-4A8E-BDEA-EDE318083DD4}.DVD-5|Any CPU.ActiveCfg = Debug|Any CPU
		{1C228AF6-CA54-4A8E-BDEA-EDE318083DD4}.DVD-5|Any CPU.Build.0 = Debug|Any CPU
		{1C228AF6-CA54-4A8E-BDEA-EDE318083DD4}.DVD-5|Mixed Platforms.ActiveCfg = Debug|Any CPU
		{1C228AF6-CA54-4A8E-BDEA-EDE318083DD4}.DVD-5|Mixed Platforms.Build.0 = Debug|Any CPU
		{1C228AF6-CA54-4A8E-BDEA-EDE318083DD4}.DVD-5|x86.ActiveCfg = Debug|Any CPU
		{1C228AF6-CA54-4A8E-BDEA-EDE318083DD4}.DVD-5|x86.Build.0 = Debug|Any CPU
		{1C228AF6-CA54-4A8E-BDEA-EDE318083DD4}.Release|Any CPU.ActiveCfg = Release|Any CPU
		{1C228AF6-CA54-4A8E-BDEA-EDE318083DD4}.Release|Any CPU.Build.0 = Release|Any CPU
		{1C228AF6-CA54-4A8E-BDEA-EDE318083DD4}.Release|Mixed Platforms.ActiveCfg = Release|Any CPU
		{1C228AF6-CA54-4A8E-BDEA-EDE318083DD4}.Release|Mixed Platforms.Build.0 = Release|Any CPU
		{1C228AF6-CA54-4A8E-BDEA-EDE318083DD4}.Release|x86.ActiveCfg = Release|Any CPU
		{1C228AF6-CA54-4A8E-BDEA-EDE318083DD4}.SingleImage|Any CPU.ActiveCfg = Release|Any CPU
		{1C228AF6-CA54-4A8E-BDEA-EDE318083DD4}.SingleImage|Any CPU.Build.0 = Release|Any CPU
		{1C228AF6-CA54-4A8E-BDEA-EDE318083DD4}.SingleImage|Mixed Platforms.ActiveCfg = Release|Any CPU
		{1C228AF6-CA54-4A8E-BDEA-EDE318083DD4}.SingleImage|Mixed Platforms.Build.0 = Release|Any CPU
		{1C228AF6-CA54-4A8E-BDEA-EDE318083DD4}.SingleImage|x86.ActiveCfg = Release|Any CPU
		{1C228AF6-CA54-4A8E-BDEA-EDE318083DD4}.SingleImage|x86.Build.0 = Release|Any CPU
		{DF930102-77C6-42F0-BF06-6453A1776D2C}.CD_ROM|Any CPU.ActiveCfg = Release|Any CPU
		{DF930102-77C6-42F0-BF06-6453A1776D2C}.CD_ROM|Any CPU.Build.0 = Release|Any CPU
		{DF930102-77C6-42F0-BF06-6453A1776D2C}.CD_ROM|Mixed Platforms.ActiveCfg = Release|Any CPU
		{DF930102-77C6-42F0-BF06-6453A1776D2C}.CD_ROM|Mixed Platforms.Build.0 = Release|Any CPU
		{DF930102-77C6-42F0-BF06-6453A1776D2C}.CD_ROM|x86.ActiveCfg = Release|Any CPU
		{DF930102-77C6-42F0-BF06-6453A1776D2C}.CD_ROM|x86.Build.0 = Release|Any CPU
		{DF930102-77C6-42F0-BF06-6453A1776D2C}.Debug|Any CPU.ActiveCfg = Debug|Any CPU
		{DF930102-77C6-42F0-BF06-6453A1776D2C}.Debug|Any CPU.Build.0 = Debug|Any CPU
		{DF930102-77C6-42F0-BF06-6453A1776D2C}.Debug|Mixed Platforms.ActiveCfg = Debug|Any CPU
		{DF930102-77C6-42F0-BF06-6453A1776D2C}.Debug|Mixed Platforms.Build.0 = Debug|Any CPU
		{DF930102-77C6-42F0-BF06-6453A1776D2C}.Debug|x86.ActiveCfg = Debug|Any CPU
		{DF930102-77C6-42F0-BF06-6453A1776D2C}.DVD-5|Any CPU.ActiveCfg = Debug|Any CPU
		{DF930102-77C6-42F0-BF06-6453A1776D2C}.DVD-5|Any CPU.Build.0 = Debug|Any CPU
		{DF930102-77C6-42F0-BF06-6453A1776D2C}.DVD-5|Mixed Platforms.ActiveCfg = Debug|Any CPU
		{DF930102-77C6-42F0-BF06-6453A1776D2C}.DVD-5|Mixed Platforms.Build.0 = Debug|Any CPU
		{DF930102-77C6-42F0-BF06-6453A1776D2C}.DVD-5|x86.ActiveCfg = Debug|Any CPU
		{DF930102-77C6-42F0-BF06-6453A1776D2C}.DVD-5|x86.Build.0 = Debug|Any CPU
		{DF930102-77C6-42F0-BF06-6453A1776D2C}.Release|Any CPU.ActiveCfg = Release|Any CPU
		{DF930102-77C6-42F0-BF06-6453A1776D2C}.Release|Any CPU.Build.0 = Release|Any CPU
		{DF930102-77C6-42F0-BF06-6453A1776D2C}.Release|Mixed Platforms.ActiveCfg = Release|Any CPU
		{DF930102-77C6-42F0-BF06-6453A1776D2C}.Release|Mixed Platforms.Build.0 = Release|Any CPU
		{DF930102-77C6-42F0-BF06-6453A1776D2C}.Release|x86.ActiveCfg = Release|Any CPU
		{DF930102-77C6-42F0-BF06-6453A1776D2C}.SingleImage|Any CPU.ActiveCfg = Release|Any CPU
		{DF930102-77C6-42F0-BF06-6453A1776D2C}.SingleImage|Any CPU.Build.0 = Release|Any CPU
		{DF930102-77C6-42F0-BF06-6453A1776D2C}.SingleImage|Mixed Platforms.ActiveCfg = Release|Any CPU
		{DF930102-77C6-42F0-BF06-6453A1776D2C}.SingleImage|Mixed Platforms.Build.0 = Release|Any CPU
		{DF930102-77C6-42F0-BF06-6453A1776D2C}.SingleImage|x86.ActiveCfg = Release|Any CPU
		{DF930102-77C6-42F0-BF06-6453A1776D2C}.SingleImage|x86.Build.0 = Release|Any CPU
		{8C41A698-0076-4505-8731-BC3FCBFF2244}.CD_ROM|Any CPU.ActiveCfg = Release|Any CPU
		{8C41A698-0076-4505-8731-BC3FCBFF2244}.CD_ROM|Any CPU.Build.0 = Release|Any CPU
		{8C41A698-0076-4505-8731-BC3FCBFF2244}.CD_ROM|Mixed Platforms.ActiveCfg = Release|Any CPU
		{8C41A698-0076-4505-8731-BC3FCBFF2244}.CD_ROM|Mixed Platforms.Build.0 = Release|Any CPU
		{8C41A698-0076-4505-8731-BC3FCBFF2244}.CD_ROM|x86.ActiveCfg = Release|Any CPU
		{8C41A698-0076-4505-8731-BC3FCBFF2244}.CD_ROM|x86.Build.0 = Release|Any CPU
		{8C41A698-0076-4505-8731-BC3FCBFF2244}.Debug|Any CPU.ActiveCfg = Debug|Any CPU
		{8C41A698-0076-4505-8731-BC3FCBFF2244}.Debug|Any CPU.Build.0 = Debug|Any CPU
		{8C41A698-0076-4505-8731-BC3FCBFF2244}.Debug|Mixed Platforms.ActiveCfg = Debug|Any CPU
		{8C41A698-0076-4505-8731-BC3FCBFF2244}.Debug|Mixed Platforms.Build.0 = Debug|Any CPU
		{8C41A698-0076-4505-8731-BC3FCBFF2244}.Debug|x86.ActiveCfg = Debug|Any CPU
		{8C41A698-0076-4505-8731-BC3FCBFF2244}.DVD-5|Any CPU.ActiveCfg = Debug|Any CPU
		{8C41A698-0076-4505-8731-BC3FCBFF2244}.DVD-5|Any CPU.Build.0 = Debug|Any CPU
		{8C41A698-0076-4505-8731-BC3FCBFF2244}.DVD-5|Mixed Platforms.ActiveCfg = Debug|Any CPU
		{8C41A698-0076-4505-8731-BC3FCBFF2244}.DVD-5|Mixed Platforms.Build.0 = Debug|Any CPU
		{8C41A698-0076-4505-8731-BC3FCBFF2244}.DVD-5|x86.ActiveCfg = Debug|Any CPU
		{8C41A698-0076-4505-8731-BC3FCBFF2244}.DVD-5|x86.Build.0 = Debug|Any CPU
		{8C41A698-0076-4505-8731-BC3FCBFF2244}.Release|Any CPU.ActiveCfg = Release|Any CPU
		{8C41A698-0076-4505-8731-BC3FCBFF2244}.Release|Any CPU.Build.0 = Release|Any CPU
		{8C41A698-0076-4505-8731-BC3FCBFF2244}.Release|Mixed Platforms.ActiveCfg = Release|Any CPU
		{8C41A698-0076-4505-8731-BC3FCBFF2244}.Release|Mixed Platforms.Build.0 = Release|Any CPU
		{8C41A698-0076-4505-8731-BC3FCBFF2244}.Release|x86.ActiveCfg = Release|Any CPU
		{8C41A698-0076-4505-8731-BC3FCBFF2244}.SingleImage|Any CPU.ActiveCfg = Release|Any CPU
		{8C41A698-0076-4505-8731-BC3FCBFF2244}.SingleImage|Any CPU.Build.0 = Release|Any CPU
		{8C41A698-0076-4505-8731-BC3FCBFF2244}.SingleImage|Mixed Platforms.ActiveCfg = Release|Any CPU
		{8C41A698-0076-4505-8731-BC3FCBFF2244}.SingleImage|Mixed Platforms.Build.0 = Release|Any CPU
		{8C41A698-0076-4505-8731-BC3FCBFF2244}.SingleImage|x86.ActiveCfg = Release|Any CPU
		{8C41A698-0076-4505-8731-BC3FCBFF2244}.SingleImage|x86.Build.0 = Release|Any CPU
		{9F0C2069-471B-4202-98E2-B5C4C9536AED}.CD_ROM|Any CPU.ActiveCfg = Release|x86
		{9F0C2069-471B-4202-98E2-B5C4C9536AED}.CD_ROM|Any CPU.Build.0 = Release|x86
		{9F0C2069-471B-4202-98E2-B5C4C9536AED}.CD_ROM|Mixed Platforms.ActiveCfg = Release|x86
		{9F0C2069-471B-4202-98E2-B5C4C9536AED}.CD_ROM|Mixed Platforms.Build.0 = Release|x86
		{9F0C2069-471B-4202-98E2-B5C4C9536AED}.CD_ROM|x86.ActiveCfg = Release|x86
		{9F0C2069-471B-4202-98E2-B5C4C9536AED}.CD_ROM|x86.Build.0 = Release|x86
		{9F0C2069-471B-4202-98E2-B5C4C9536AED}.Debug|Any CPU.ActiveCfg = Debug|x86
		{9F0C2069-471B-4202-98E2-B5C4C9536AED}.Debug|Mixed Platforms.ActiveCfg = Debug|x86
		{9F0C2069-471B-4202-98E2-B5C4C9536AED}.Debug|Mixed Platforms.Build.0 = Debug|x86
		{9F0C2069-471B-4202-98E2-B5C4C9536AED}.Debug|x86.ActiveCfg = Debug|x86
		{9F0C2069-471B-4202-98E2-B5C4C9536AED}.Debug|x86.Build.0 = Debug|x86
		{9F0C2069-471B-4202-98E2-B5C4C9536AED}.DVD-5|Any CPU.ActiveCfg = Release|x86
		{9F0C2069-471B-4202-98E2-B5C4C9536AED}.DVD-5|Any CPU.Build.0 = Release|x86
		{9F0C2069-471B-4202-98E2-B5C4C9536AED}.DVD-5|Mixed Platforms.ActiveCfg = Debug|x86
		{9F0C2069-471B-4202-98E2-B5C4C9536AED}.DVD-5|Mixed Platforms.Build.0 = Debug|x86
		{9F0C2069-471B-4202-98E2-B5C4C9536AED}.DVD-5|x86.ActiveCfg = Debug|x86
		{9F0C2069-471B-4202-98E2-B5C4C9536AED}.DVD-5|x86.Build.0 = Debug|x86
		{9F0C2069-471B-4202-98E2-B5C4C9536AED}.Release|Any CPU.ActiveCfg = Release|x86
		{9F0C2069-471B-4202-98E2-B5C4C9536AED}.Release|Mixed Platforms.ActiveCfg = Release|x86
		{9F0C2069-471B-4202-98E2-B5C4C9536AED}.Release|Mixed Platforms.Build.0 = Release|x86
		{9F0C2069-471B-4202-98E2-B5C4C9536AED}.Release|x86.ActiveCfg = Release|x86
		{9F0C2069-471B-4202-98E2-B5C4C9536AED}.Release|x86.Build.0 = Release|x86
		{9F0C2069-471B-4202-98E2-B5C4C9536AED}.SingleImage|Any CPU.ActiveCfg = Release|x86
		{9F0C2069-471B-4202-98E2-B5C4C9536AED}.SingleImage|Any CPU.Build.0 = Release|x86
		{9F0C2069-471B-4202-98E2-B5C4C9536AED}.SingleImage|Mixed Platforms.ActiveCfg = Release|x86
		{9F0C2069-471B-4202-98E2-B5C4C9536AED}.SingleImage|Mixed Platforms.Build.0 = Release|x86
		{9F0C2069-471B-4202-98E2-B5C4C9536AED}.SingleImage|x86.ActiveCfg = Release|x86
		{9F0C2069-471B-4202-98E2-B5C4C9536AED}.SingleImage|x86.Build.0 = Release|x86
		{5DFD42CE-B93E-4098-9434-50DD556F5EBE}.CD_ROM|Any CPU.ActiveCfg = Release|Any CPU
		{5DFD42CE-B93E-4098-9434-50DD556F5EBE}.CD_ROM|Any CPU.Build.0 = Release|Any CPU
		{5DFD42CE-B93E-4098-9434-50DD556F5EBE}.CD_ROM|Mixed Platforms.ActiveCfg = Release|Any CPU
		{5DFD42CE-B93E-4098-9434-50DD556F5EBE}.CD_ROM|Mixed Platforms.Build.0 = Release|Any CPU
		{5DFD42CE-B93E-4098-9434-50DD556F5EBE}.CD_ROM|x86.ActiveCfg = Release|Any CPU
		{5DFD42CE-B93E-4098-9434-50DD556F5EBE}.CD_ROM|x86.Build.0 = Release|Any CPU
		{5DFD42CE-B93E-4098-9434-50DD556F5EBE}.Debug|Any CPU.ActiveCfg = Debug|Any CPU
		{5DFD42CE-B93E-4098-9434-50DD556F5EBE}.Debug|Any CPU.Build.0 = Debug|Any CPU
		{5DFD42CE-B93E-4098-9434-50DD556F5EBE}.Debug|Mixed Platforms.ActiveCfg = Debug|Any CPU
		{5DFD42CE-B93E-4098-9434-50DD556F5EBE}.Debug|Mixed Platforms.Build.0 = Debug|Any CPU
		{5DFD42CE-B93E-4098-9434-50DD556F5EBE}.Debug|x86.ActiveCfg = Debug|Any CPU
		{5DFD42CE-B93E-4098-9434-50DD556F5EBE}.Debug|x86.Build.0 = Debug|Any CPU
		{5DFD42CE-B93E-4098-9434-50DD556F5EBE}.DVD-5|Any CPU.ActiveCfg = Debug|Any CPU
		{5DFD42CE-B93E-4098-9434-50DD556F5EBE}.DVD-5|Any CPU.Build.0 = Debug|Any CPU
		{5DFD42CE-B93E-4098-9434-50DD556F5EBE}.DVD-5|Mixed Platforms.ActiveCfg = Debug|Any CPU
		{5DFD42CE-B93E-4098-9434-50DD556F5EBE}.DVD-5|Mixed Platforms.Build.0 = Debug|Any CPU
		{5DFD42CE-B93E-4098-9434-50DD556F5EBE}.DVD-5|x86.ActiveCfg = Debug|Any CPU
		{5DFD42CE-B93E-4098-9434-50DD556F5EBE}.DVD-5|x86.Build.0 = Debug|Any CPU
		{5DFD42CE-B93E-4098-9434-50DD556F5EBE}.Release|Any CPU.ActiveCfg = Release|Any CPU
		{5DFD42CE-B93E-4098-9434-50DD556F5EBE}.Release|Any CPU.Build.0 = Release|Any CPU
		{5DFD42CE-B93E-4098-9434-50DD556F5EBE}.Release|Mixed Platforms.ActiveCfg = Release|Any CPU
		{5DFD42CE-B93E-4098-9434-50DD556F5EBE}.Release|Mixed Platforms.Build.0 = Release|Any CPU
		{5DFD42CE-B93E-4098-9434-50DD556F5EBE}.Release|x86.ActiveCfg = Release|Any CPU
		{5DFD42CE-B93E-4098-9434-50DD556F5EBE}.Release|x86.Build.0 = Release|Any CPU
		{5DFD42CE-B93E-4098-9434-50DD556F5EBE}.SingleImage|Any CPU.ActiveCfg = Release|Any CPU
		{5DFD42CE-B93E-4098-9434-50DD556F5EBE}.SingleImage|Any CPU.Build.0 = Release|Any CPU
		{5DFD42CE-B93E-4098-9434-50DD556F5EBE}.SingleImage|Mixed Platforms.ActiveCfg = Release|Any CPU
		{5DFD42CE-B93E-4098-9434-50DD556F5EBE}.SingleImage|Mixed Platforms.Build.0 = Release|Any CPU
		{5DFD42CE-B93E-4098-9434-50DD556F5EBE}.SingleImage|x86.ActiveCfg = Release|Any CPU
		{5DFD42CE-B93E-4098-9434-50DD556F5EBE}.SingleImage|x86.Build.0 = Release|Any CPU
		{3A571DCE-011C-42A1-BA63-FD1F7E0909BA}.CD_ROM|Any CPU.ActiveCfg = Release|Any CPU
		{3A571DCE-011C-42A1-BA63-FD1F7E0909BA}.CD_ROM|Any CPU.Build.0 = Release|Any CPU
		{3A571DCE-011C-42A1-BA63-FD1F7E0909BA}.CD_ROM|Mixed Platforms.ActiveCfg = Release|Any CPU
		{3A571DCE-011C-42A1-BA63-FD1F7E0909BA}.CD_ROM|Mixed Platforms.Build.0 = Release|Any CPU
		{3A571DCE-011C-42A1-BA63-FD1F7E0909BA}.CD_ROM|x86.ActiveCfg = Release|Any CPU
		{3A571DCE-011C-42A1-BA63-FD1F7E0909BA}.CD_ROM|x86.Build.0 = Release|Any CPU
		{3A571DCE-011C-42A1-BA63-FD1F7E0909BA}.Debug|Any CPU.ActiveCfg = Debug|Any CPU
		{3A571DCE-011C-42A1-BA63-FD1F7E0909BA}.Debug|Any CPU.Build.0 = Debug|Any CPU
		{3A571DCE-011C-42A1-BA63-FD1F7E0909BA}.Debug|Mixed Platforms.ActiveCfg = Debug|Any CPU
		{3A571DCE-011C-42A1-BA63-FD1F7E0909BA}.Debug|Mixed Platforms.Build.0 = Debug|Any CPU
		{3A571DCE-011C-42A1-BA63-FD1F7E0909BA}.Debug|x86.ActiveCfg = Debug|Any CPU
		{3A571DCE-011C-42A1-BA63-FD1F7E0909BA}.Debug|x86.Build.0 = Debug|Any CPU
		{3A571DCE-011C-42A1-BA63-FD1F7E0909BA}.DVD-5|Any CPU.ActiveCfg = Debug|Any CPU
		{3A571DCE-011C-42A1-BA63-FD1F7E0909BA}.DVD-5|Any CPU.Build.0 = Debug|Any CPU
		{3A571DCE-011C-42A1-BA63-FD1F7E0909BA}.DVD-5|Mixed Platforms.ActiveCfg = Debug|Any CPU
		{3A571DCE-011C-42A1-BA63-FD1F7E0909BA}.DVD-5|Mixed Platforms.Build.0 = Debug|Any CPU
		{3A571DCE-011C-42A1-BA63-FD1F7E0909BA}.DVD-5|x86.ActiveCfg = Debug|Any CPU
		{3A571DCE-011C-42A1-BA63-FD1F7E0909BA}.DVD-5|x86.Build.0 = Debug|Any CPU
		{3A571DCE-011C-42A1-BA63-FD1F7E0909BA}.Release|Any CPU.ActiveCfg = Release|Any CPU
		{3A571DCE-011C-42A1-BA63-FD1F7E0909BA}.Release|Any CPU.Build.0 = Release|Any CPU
		{3A571DCE-011C-42A1-BA63-FD1F7E0909BA}.Release|Mixed Platforms.ActiveCfg = Release|Any CPU
		{3A571DCE-011C-42A1-BA63-FD1F7E0909BA}.Release|Mixed Platforms.Build.0 = Release|Any CPU
		{3A571DCE-011C-42A1-BA63-FD1F7E0909BA}.Release|x86.ActiveCfg = Release|Any CPU
		{3A571DCE-011C-42A1-BA63-FD1F7E0909BA}.Release|x86.Build.0 = Release|Any CPU
		{3A571DCE-011C-42A1-BA63-FD1F7E0909BA}.SingleImage|Any CPU.ActiveCfg = Release|Any CPU
		{3A571DCE-011C-42A1-BA63-FD1F7E0909BA}.SingleImage|Any CPU.Build.0 = Release|Any CPU
		{3A571DCE-011C-42A1-BA63-FD1F7E0909BA}.SingleImage|Mixed Platforms.ActiveCfg = Release|Any CPU
		{3A571DCE-011C-42A1-BA63-FD1F7E0909BA}.SingleImage|Mixed Platforms.Build.0 = Release|Any CPU
		{3A571DCE-011C-42A1-BA63-FD1F7E0909BA}.SingleImage|x86.ActiveCfg = Release|Any CPU
		{3A571DCE-011C-42A1-BA63-FD1F7E0909BA}.SingleImage|x86.Build.0 = Release|Any CPU
		{7902B9B5-DA58-42DB-B86B-F56FB1C14DA8}.CD_ROM|Any CPU.ActiveCfg = CD_ROM
		{7902B9B5-DA58-42DB-B86B-F56FB1C14DA8}.CD_ROM|Any CPU.Build.0 = CD_ROM
		{7902B9B5-DA58-42DB-B86B-F56FB1C14DA8}.CD_ROM|Mixed Platforms.ActiveCfg = CD_ROM
		{7902B9B5-DA58-42DB-B86B-F56FB1C14DA8}.CD_ROM|Mixed Platforms.Build.0 = CD_ROM
		{7902B9B5-DA58-42DB-B86B-F56FB1C14DA8}.CD_ROM|x86.ActiveCfg = CD_ROM
		{7902B9B5-DA58-42DB-B86B-F56FB1C14DA8}.CD_ROM|x86.Build.0 = CD_ROM
		{7902B9B5-DA58-42DB-B86B-F56FB1C14DA8}.Debug|Any CPU.ActiveCfg = DVD-5
		{7902B9B5-DA58-42DB-B86B-F56FB1C14DA8}.Debug|Any CPU.Build.0 = DVD-5
		{7902B9B5-DA58-42DB-B86B-F56FB1C14DA8}.Debug|Mixed Platforms.ActiveCfg = DVD-5
		{7902B9B5-DA58-42DB-B86B-F56FB1C14DA8}.Debug|Mixed Platforms.Build.0 = DVD-5
		{7902B9B5-DA58-42DB-B86B-F56FB1C14DA8}.Debug|x86.ActiveCfg = DVD-5
		{7902B9B5-DA58-42DB-B86B-F56FB1C14DA8}.Debug|x86.Build.0 = DVD-5
		{7902B9B5-DA58-42DB-B86B-F56FB1C14DA8}.DVD-5|Any CPU.ActiveCfg = DVD-5
		{7902B9B5-DA58-42DB-B86B-F56FB1C14DA8}.DVD-5|Any CPU.Build.0 = DVD-5
		{7902B9B5-DA58-42DB-B86B-F56FB1C14DA8}.DVD-5|Mixed Platforms.ActiveCfg = DVD-5
		{7902B9B5-DA58-42DB-B86B-F56FB1C14DA8}.DVD-5|Mixed Platforms.Build.0 = DVD-5
		{7902B9B5-DA58-42DB-B86B-F56FB1C14DA8}.DVD-5|x86.ActiveCfg = DVD-5
		{7902B9B5-DA58-42DB-B86B-F56FB1C14DA8}.DVD-5|x86.Build.0 = DVD-5
		{7902B9B5-DA58-42DB-B86B-F56FB1C14DA8}.Release|Any CPU.ActiveCfg = SingleImage
		{7902B9B5-DA58-42DB-B86B-F56FB1C14DA8}.Release|Any CPU.Build.0 = SingleImage
		{7902B9B5-DA58-42DB-B86B-F56FB1C14DA8}.Release|Mixed Platforms.ActiveCfg = SingleImage
		{7902B9B5-DA58-42DB-B86B-F56FB1C14DA8}.Release|Mixed Platforms.Build.0 = SingleImage
		{7902B9B5-DA58-42DB-B86B-F56FB1C14DA8}.Release|x86.ActiveCfg = SingleImage
		{7902B9B5-DA58-42DB-B86B-F56FB1C14DA8}.Release|x86.Build.0 = SingleImage
		{7902B9B5-DA58-42DB-B86B-F56FB1C14DA8}.SingleImage|Any CPU.ActiveCfg = SingleImage
		{7902B9B5-DA58-42DB-B86B-F56FB1C14DA8}.SingleImage|Any CPU.Build.0 = SingleImage
		{7902B9B5-DA58-42DB-B86B-F56FB1C14DA8}.SingleImage|Mixed Platforms.ActiveCfg = SingleImage
		{7902B9B5-DA58-42DB-B86B-F56FB1C14DA8}.SingleImage|Mixed Platforms.Build.0 = SingleImage
		{7902B9B5-DA58-42DB-B86B-F56FB1C14DA8}.SingleImage|x86.ActiveCfg = SingleImage
		{7902B9B5-DA58-42DB-B86B-F56FB1C14DA8}.SingleImage|x86.Build.0 = SingleImage
		{ACCD0E50-76B5-4D67-B6D1-97B1C28B978A}.CD_ROM|Any CPU.ActiveCfg = Release|Any CPU
		{ACCD0E50-76B5-4D67-B6D1-97B1C28B978A}.CD_ROM|Any CPU.Build.0 = Release|Any CPU
		{ACCD0E50-76B5-4D67-B6D1-97B1C28B978A}.CD_ROM|Mixed Platforms.ActiveCfg = Release|Any CPU
		{ACCD0E50-76B5-4D67-B6D1-97B1C28B978A}.CD_ROM|Mixed Platforms.Build.0 = Release|Any CPU
		{ACCD0E50-76B5-4D67-B6D1-97B1C28B978A}.CD_ROM|x86.ActiveCfg = Release|Any CPU
		{ACCD0E50-76B5-4D67-B6D1-97B1C28B978A}.CD_ROM|x86.Build.0 = Release|Any CPU
		{ACCD0E50-76B5-4D67-B6D1-97B1C28B978A}.Debug|Any CPU.ActiveCfg = Debug|Any CPU
		{ACCD0E50-76B5-4D67-B6D1-97B1C28B978A}.Debug|Any CPU.Build.0 = Debug|Any CPU
		{ACCD0E50-76B5-4D67-B6D1-97B1C28B978A}.Debug|Mixed Platforms.ActiveCfg = Debug|Any CPU
		{ACCD0E50-76B5-4D67-B6D1-97B1C28B978A}.Debug|Mixed Platforms.Build.0 = Debug|Any CPU
		{ACCD0E50-76B5-4D67-B6D1-97B1C28B978A}.Debug|x86.ActiveCfg = Debug|Any CPU
		{ACCD0E50-76B5-4D67-B6D1-97B1C28B978A}.Debug|x86.Build.0 = Debug|Any CPU
		{ACCD0E50-76B5-4D67-B6D1-97B1C28B978A}.DVD-5|Any CPU.ActiveCfg = Debug|Any CPU
		{ACCD0E50-76B5-4D67-B6D1-97B1C28B978A}.DVD-5|Any CPU.Build.0 = Debug|Any CPU
		{ACCD0E50-76B5-4D67-B6D1-97B1C28B978A}.DVD-5|Mixed Platforms.ActiveCfg = Debug|Any CPU
		{ACCD0E50-76B5-4D67-B6D1-97B1C28B978A}.DVD-5|Mixed Platforms.Build.0 = Debug|Any CPU
		{ACCD0E50-76B5-4D67-B6D1-97B1C28B978A}.DVD-5|x86.ActiveCfg = Debug|Any CPU
		{ACCD0E50-76B5-4D67-B6D1-97B1C28B978A}.DVD-5|x86.Build.0 = Debug|Any CPU
		{ACCD0E50-76B5-4D67-B6D1-97B1C28B978A}.Release|Any CPU.ActiveCfg = Release|Any CPU
		{ACCD0E50-76B5-4D67-B6D1-97B1C28B978A}.Release|Any CPU.Build.0 = Release|Any CPU
		{ACCD0E50-76B5-4D67-B6D1-97B1C28B978A}.Release|Mixed Platforms.ActiveCfg = Release|Any CPU
		{ACCD0E50-76B5-4D67-B6D1-97B1C28B978A}.Release|Mixed Platforms.Build.0 = Release|Any CPU
		{ACCD0E50-76B5-4D67-B6D1-97B1C28B978A}.Release|x86.ActiveCfg = Release|Any CPU
		{ACCD0E50-76B5-4D67-B6D1-97B1C28B978A}.Release|x86.Build.0 = Release|Any CPU
		{ACCD0E50-76B5-4D67-B6D1-97B1C28B978A}.SingleImage|Any CPU.ActiveCfg = Release|Any CPU
		{ACCD0E50-76B5-4D67-B6D1-97B1C28B978A}.SingleImage|Any CPU.Build.0 = Release|Any CPU
		{ACCD0E50-76B5-4D67-B6D1-97B1C28B978A}.SingleImage|Mixed Platforms.ActiveCfg = Release|Any CPU
		{ACCD0E50-76B5-4D67-B6D1-97B1C28B978A}.SingleImage|Mixed Platforms.Build.0 = Release|Any CPU
		{ACCD0E50-76B5-4D67-B6D1-97B1C28B978A}.SingleImage|x86.ActiveCfg = Release|Any CPU
		{ACCD0E50-76B5-4D67-B6D1-97B1C28B978A}.SingleImage|x86.Build.0 = Release|Any CPU
	EndGlobalSection
	GlobalSection(SolutionProperties) = preSolution
		HideSolutionNode = FALSE
	EndGlobalSection
EndGlobal
